{
  "version": 4,
  "terraform_version": "0.12.24",
  "serial": 3,
  "lineage": "cb40c17a-4428-0de1-4e1a-1a08fb1ba995",
  "outputs": {},
  "resources": [
    {
      "mode": "managed",
      "type": "aws_iam_user",
      "name": "read-only-user",
      "provider": "provider.aws",
      "instances": [
        {
          "schema_version": 0,
          "attributes": {
            "arn": "arn:aws:iam::535324545966:user/read-only-user",
            "force_destroy": false,
            "id": "read-only-user",
            "name": "read-only-user",
            "path": "/",
            "permissions_boundary": null,
            "tags": null,
            "unique_id": "AIDAXZI6UKOXLNATX6BX6"
          },
          "private": "bnVsbA=="
        }
      ]
    },
    {
      "mode": "managed",
      "type": "aws_iam_user_policy",
      "name": "policy",
      "provider": "provider.aws",
      "instances": [
        {
          "schema_version": 0,
          "attributes": {
            "id": "read-only-user:inline-policy",
            "name": "inline-policy",
            "name_prefix": null,
            "policy": "{\n  \"Version\": \"2012-10-17\",\n  \"Statement\": [\n    {\n      \"Action\": [\n        \"ec2:Describe*\"\n      ],\n      \"Effect\": \"Allow\",\n      \"Resource\": \"*\"\n    }\n  ]\n}\n",
            "user": "read-only-user"
          },
          "private": "bnVsbA==",
          "dependencies": [
            "aws_iam_user.read-only-user"
          ]
        }
      ]
    }
  ]
}
